
Microsoft Visual Studio Solution File, Format Version 12.00
# Visual Studio Version 17
VisualStudioVersion = 17.4.33110.190
MinimumVisualStudioVersion = 10.0.40219.1
Project("{FAE04EC0-301F-11D3-BF4B-00C04F79EFBC}") = "ConsoleDemo", "ConsoleDemo\ConsoleDemo.csproj", "{33CB6EF1-6D56-4ABB-BBFF-A1D1DC39CFB0}"
EndProject
Global
	GlobalSection(SolutionConfigurationPlatforms) = preSolution
		Debug|Any CPU = Debug|Any CPU
		Release|Any CPU = Release|Any CPU
	EndGlobalSection
	GlobalSection(ProjectConfigurationPlatforms) = postSolution
		{33CB6EF1-6D56-4ABB-BBFF-A1D1DC39CFB0}.Debug|Any CPU.ActiveCfg = Debug|Any CPU
		{33CB6EF1-6D56-4ABB-BBFF-A1D1DC39CFB0}.Debug|Any CPU.Build.0 = Debug|Any CPU
		{33CB6EF1-6D56-4ABB-BBFF-A1D1DC39CFB0}.Release|Any CPU.ActiveCfg = Release|Any CPU
		{33CB6EF1-6D56-4ABB-BBFF-A1D1DC39CFB0}.Release|Any CPU.Build.0 = Release|Any CPU
	EndGlobalSection
	GlobalSection(SolutionProperties) = preSolution
		HideSolutionNode = FALSE
	EndGlobalSection
	GlobalSection(ExtensibilityGlobals) = postSolution
		SolutionGuid = {A9EB62F0-C822-4E0A-B285-8EEE893D3C9F}
	EndGlobalSection
EndGlobal
